
Microsoft Visual Studio Solution File, Format Version 12.00
# Visual Studio Version 16
VisualStudioVersion = 16.0.31129.286
MinimumVisualStudioVersion = 10.0.40219.1
Project("{FAE04EC0-301F-11D3-BF4B-00C04F79EFBC}") = "Wholething.Umbraco.Examples.Umbraco8", "Wholething.Umbraco.Examples.Umbraco8\Wholething.Umbraco.Examples.Umbraco8.csproj", "{7031360C-1CF0-41AF-A822-60B7A5932941}"
EndProject
Global
	GlobalSection(SolutionConfigurationPlatforms) = preSolution
		Debug|Any CPU = Debug|Any CPU
		Release|Any CPU = Release|Any CPU
	EndGlobalSection
	GlobalSection(ProjectConfigurationPlatforms) = postSolution
		{7031360C-1CF0-41AF-A822-60B7A5932941}.Debug|Any CPU.ActiveCfg = Debug|Any CPU
		{7031360C-1CF0-41AF-A822-60B7A5932941}.Debug|Any CPU.Build.0 = Debug|Any CPU
		{7031360C-1CF0-41AF-A822-60B7A5932941}.Release|Any CPU.ActiveCfg = Release|Any CPU
		{7031360C-1CF0-41AF-A822-60B7A5932941}.Release|Any CPU.Build.0 = Release|Any CPU
	EndGlobalSection
	GlobalSection(SolutionProperties) = preSolution
		HideSolutionNode = FALSE
	EndGlobalSection
	GlobalSection(ExtensibilityGlobals) = postSolution
		SolutionGuid = {D0798CB9-B76A-431D-ABA8-C895B582CD55}
	EndGlobalSection
EndGlobal
