
Microsoft Visual Studio Solution File, Format Version 12.00
# Visual Studio Version 16
VisualStudioVersion = 16.0.30114.105
MinimumVisualStudioVersion = 10.0.40219.1
Project("{9A19103F-16F7-4668-BE54-9A1E7A4F7556}") = "wholething-umbraco-fallback-examples", "wholething-umbraco-fallback-examples\wholething-umbraco-fallback-examples.csproj", "{96DD9423-9423-4F46-9DB8-A0FB6C1E8C75}"
EndProject
Project("{2150E333-8FDC-42A3-9474-1A3956D46DE8}") = "Solution Items", "Solution Items", "{2913624B-10AF-4F7F-A40F-7B4043A2AFFB}"
	ProjectSection(SolutionItems) = preProject
		wholething-umbraco-fallback-examples\.gitignore = wholething-umbraco-fallback-examples\.gitignore
		nuget.config = nuget.config
	EndProjectSection
EndProject
Global
	GlobalSection(SolutionConfigurationPlatforms) = preSolution
		Debug|Any CPU = Debug|Any CPU
		Release|Any CPU = Release|Any CPU
	EndGlobalSection
	GlobalSection(ProjectConfigurationPlatforms) = postSolution
		{96DD9423-9423-4F46-9DB8-A0FB6C1E8C75}.Debug|Any CPU.ActiveCfg = Debug|Any CPU
		{96DD9423-9423-4F46-9DB8-A0FB6C1E8C75}.Debug|Any CPU.Build.0 = Debug|Any CPU
		{96DD9423-9423-4F46-9DB8-A0FB6C1E8C75}.Release|Any CPU.ActiveCfg = Release|Any CPU
		{96DD9423-9423-4F46-9DB8-A0FB6C1E8C75}.Release|Any CPU.Build.0 = Release|Any CPU
	EndGlobalSection
	GlobalSection(SolutionProperties) = preSolution
		HideSolutionNode = FALSE
	EndGlobalSection
	GlobalSection(ExtensibilityGlobals) = postSolution
		SolutionGuid = {AAD8C3E7-D8C9-43B0-9553-CDF33243F28C}
	EndGlobalSection
EndGlobal
